
Microsoft Visual Studio Solution File, Format Version 12.00
# Visual Studio Version 17
VisualStudioVersion = 17.0.31903.59
MinimumVisualStudioVersion = 10.0.40219.1
Project("{2150E333-8FDC-42A3-9474-1A3956D46DE8}") = "src", "src", "{827E0CD3-B72D-47B6-A68D-7590B98EB39B}"
EndProject
Project("{FAE04EC0-301F-11D3-BF4B-00C04F79EFBC}") = "YLproxy.GUI", "src\YLproxy.GUI\YLproxy.GUI.csproj", "{4DAFCD2C-C959-4782-9D46-B73BCAB9DC65}"
EndProject
Project("{FAE04EC0-301F-11D3-BF4B-00C04F79EFBC}") = "YLproxy.Core", "src\YLproxy.Core\YLproxy.Core.csproj", "{2093039E-0136-4356-91E0-21B73BCADB2D}"
EndProject
Project("{FAE04EC0-301F-11D3-BF4B-00C04F79EFBC}") = "YLproxy.Models", "src\YLproxy.Models\YLproxy.Models.csproj", "{B72CC1A6-BAFB-4F23-BE0D-7AE5C0C58D92}"
EndProject
Project("{FAE04EC0-301F-11D3-BF4B-00C04F79EFBC}") = "YLproxy.Utils", "src\YLproxy.Utils\YLproxy.Utils.csproj", "{43A62BD1-3A70-4311-A519-CF8A8C5CB452}"
EndProject
Project("{FAE04EC0-301F-11D3-BF4B-00C04F79EFBC}") = "YLproxy.Proxy", "src\YLproxy.Proxy\YLproxy.Proxy.csproj", "{26B79281-ECA7-40DD-AB84-653687C4B95D}"
EndProject
Project("{FAE04EC0-301F-11D3-BF4B-00C04F79EFBC}") = "YLproxy.Infrastructure", "src\YLproxy.Infrastructure\YLproxy.Infrastructure.csproj", "{73BC5480-DCCF-4200-84F4-47F92A15C3AA}"
EndProject
Project("{2150E333-8FDC-42A3-9474-1A3956D46DE8}") = "tests", "tests", "{0AB3BF05-4346-4AA6-1389-037BE0695223}"
EndProject
Project("{FAE04EC0-301F-11D3-BF4B-00C04F79EFBC}") = "YLproxy.Tests", "tests\YLproxy.Tests.csproj", "{96B30FC4-3769-4458-B473-2D4E697C4F0E}"
EndProject
Global
	GlobalSection(SolutionConfigurationPlatforms) = preSolution
		Debug|Any CPU = Debug|Any CPU
		Debug|x64 = Debug|x64
		Debug|x86 = Debug|x86
		Release|Any CPU = Release|Any CPU
		Release|x64 = Release|x64
		Release|x86 = Release|x86
	EndGlobalSection
	GlobalSection(ProjectConfigurationPlatforms) = postSolution
		{4DAFCD2C-C959-4782-9D46-B73BCAB9DC65}.Debug|Any CPU.ActiveCfg = Debug|Any CPU
		{4DAFCD2C-C959-4782-9D46-B73BCAB9DC65}.Debug|Any CPU.Build.0 = Debug|Any CPU
		{4DAFCD2C-C959-4782-9D46-B73BCAB9DC65}.Debug|x64.ActiveCfg = Debug|Any CPU
		{4DAFCD2C-C959-4782-9D46-B73BCAB9DC65}.Debug|x64.Build.0 = Debug|Any CPU
		{4DAFCD2C-C959-4782-9D46-B73BCAB9DC65}.Debug|x86.ActiveCfg = Debug|Any CPU
		{4DAFCD2C-C959-4782-9D46-B73BCAB9DC65}.Debug|x86.Build.0 = Debug|Any CPU
		{4DAFCD2C-C959-4782-9D46-B73BCAB9DC65}.Release|Any CPU.ActiveCfg = Release|Any CPU
		{4DAFCD2C-C959-4782-9D46-B73BCAB9DC65}.Release|Any CPU.Build.0 = Release|Any CPU
		{4DAFCD2C-C959-4782-9D46-B73BCAB9DC65}.Release|x64.ActiveCfg = Release|Any CPU
		{4DAFCD2C-C959-4782-9D46-B73BCAB9DC65}.Release|x64.Build.0 = Release|Any CPU
		{4DAFCD2C-C959-4782-9D46-B73BCAB9DC65}.Release|x86.ActiveCfg = Release|Any CPU
		{4DAFCD2C-C959-4782-9D46-B73BCAB9DC65}.Release|x86.Build.0 = Release|Any CPU
		{2093039E-0136-4356-91E0-21B73BCADB2D}.Debug|Any CPU.ActiveCfg = Debug|Any CPU
		{2093039E-0136-4356-91E0-21B73BCADB2D}.Debug|Any CPU.Build.0 = Debug|Any CPU
		{2093039E-0136-4356-91E0-21B73BCADB2D}.Debug|x64.ActiveCfg = Debug|Any CPU
		{2093039E-0136-4356-91E0-21B73BCADB2D}.Debug|x64.Build.0 = Debug|Any CPU
		{2093039E-0136-4356-91E0-21B73BCADB2D}.Debug|x86.ActiveCfg = Debug|Any CPU
		{2093039E-0136-4356-91E0-21B73BCADB2D}.Debug|x86.Build.0 = Debug|Any CPU
		{2093039E-0136-4356-91E0-21B73BCADB2D}.Release|Any CPU.ActiveCfg = Release|Any CPU
		{2093039E-0136-4356-91E0-21B73BCADB2D}.Release|Any CPU.Build.0 = Release|Any CPU
		{2093039E-0136-4356-91E0-21B73BCADB2D}.Release|x64.ActiveCfg = Release|Any CPU
		{2093039E-0136-4356-91E0-21B73BCADB2D}.Release|x64.Build.0 = Release|Any CPU
		{2093039E-0136-4356-91E0-21B73BCADB2D}.Release|x86.ActiveCfg = Release|Any CPU
		{2093039E-0136-4356-91E0-21B73BCADB2D}.Release|x86.Build.0 = Release|Any CPU
		{B72CC1A6-BAFB-4F23-BE0D-7AE5C0C58D92}.Debug|Any CPU.ActiveCfg = Debug|Any CPU
		{B72CC1A6-BAFB-4F23-BE0D-7AE5C0C58D92}.Debug|Any CPU.Build.0 = Debug|Any CPU
		{B72CC1A6-BAFB-4F23-BE0D-7AE5C0C58D92}.Debug|x64.ActiveCfg = Debug|Any CPU
		{B72CC1A6-BAFB-4F23-BE0D-7AE5C0C58D92}.Debug|x64.Build.0 = Debug|Any CPU
		{B72CC1A6-BAFB-4F23-BE0D-7AE5C0C58D92}.Debug|x86.ActiveCfg = Debug|Any CPU
		{B72CC1A6-BAFB-4F23-BE0D-7AE5C0C58D92}.Debug|x86.Build.0 = Debug|Any CPU
		{B72CC1A6-BAFB-4F23-BE0D-7AE5C0C58D92}.Release|Any CPU.ActiveCfg = Release|Any CPU
		{B72CC1A6-BAFB-4F23-BE0D-7AE5C0C58D92}.Release|Any CPU.Build.0 = Release|Any CPU
		{B72CC1A6-BAFB-4F23-BE0D-7AE5C0C58D92}.Release|x64.ActiveCfg = Release|Any CPU
		{B72CC1A6-BAFB-4F23-BE0D-7AE5C0C58D92}.Release|x64.Build.0 = Release|Any CPU
		{B72CC1A6-BAFB-4F23-BE0D-7AE5C0C58D92}.Release|x86.ActiveCfg = Release|Any CPU
		{B72CC1A6-BAFB-4F23-BE0D-7AE5C0C58D92}.Release|x86.Build.0 = Release|Any CPU
		{43A62BD1-3A70-4311-A519-CF8A8C5CB452}.Debug|Any CPU.ActiveCfg = Debug|Any CPU
		{43A62BD1-3A70-4311-A519-CF8A8C5CB452}.Debug|Any CPU.Build.0 = Debug|Any CPU
		{43A62BD1-3A70-4311-A519-CF8A8C5CB452}.Debug|x64.ActiveCfg = Debug|Any CPU
		{43A62BD1-3A70-4311-A519-CF8A8C5CB452}.Debug|x64.Build.0 = Debug|Any CPU
		{43A62BD1-3A70-4311-A519-CF8A8C5CB452}.Debug|x86.ActiveCfg = Debug|Any CPU
		{43A62BD1-3A70-4311-A519-CF8A8C5CB452}.Debug|x86.Build.0 = Debug|Any CPU
		{43A62BD1-3A70-4311-A519-CF8A8C5CB452}.Release|Any CPU.ActiveCfg = Release|Any CPU
		{43A62BD1-3A70-4311-A519-CF8A8C5CB452}.Release|Any CPU.Build.0 = Release|Any CPU
		{43A62BD1-3A70-4311-A519-CF8A8C5CB452}.Release|x64.ActiveCfg = Release|Any CPU
		{43A62BD1-3A70-4311-A519-CF8A8C5CB452}.Release|x64.Build.0 = Release|Any CPU
		{43A62BD1-3A70-4311-A519-CF8A8C5CB452}.Release|x86.ActiveCfg = Release|Any CPU
		{43A62BD1-3A70-4311-A519-CF8A8C5CB452}.Release|x86.Build.0 = Release|Any CPU
		{26B79281-ECA7-40DD-AB84-653687C4B95D}.Debug|Any CPU.ActiveCfg = Debug|Any CPU
		{26B79281-ECA7-40DD-AB84-653687C4B95D}.Debug|Any CPU.Build.0 = Debug|Any CPU
		{26B79281-ECA7-40DD-AB84-653687C4B95D}.Debug|x64.ActiveCfg = Debug|Any CPU
		{26B79281-ECA7-40DD-AB84-653687C4B95D}.Debug|x64.Build.0 = Debug|Any CPU
		{26B79281-ECA7-40DD-AB84-653687C4B95D}.Debug|x86.ActiveCfg = Debug|Any CPU
		{26B79281-ECA7-40DD-AB84-653687C4B95D}.Debug|x86.Build.0 = Debug|Any CPU
		{26B79281-ECA7-40DD-AB84-653687C4B95D}.Release|Any CPU.ActiveCfg = Release|Any CPU
		{26B79281-ECA7-40DD-AB84-653687C4B95D}.Release|Any CPU.Build.0 = Release|Any CPU
		{26B79281-ECA7-40DD-AB84-653687C4B95D}.Release|x64.ActiveCfg = Release|Any CPU
		{26B79281-ECA7-40DD-AB84-653687C4B95D}.Release|x64.Build.0 = Release|Any CPU
		{26B79281-ECA7-40DD-AB84-653687C4B95D}.Release|x86.ActiveCfg = Release|Any CPU
		{26B79281-ECA7-40DD-AB84-653687C4B95D}.Release|x86.Build.0 = Release|Any CPU
		{73BC5480-DCCF-4200-84F4-47F92A15C3AA}.Debug|Any CPU.ActiveCfg = Debug|Any CPU
		{73BC5480-DCCF-4200-84F4-47F92A15C3AA}.Debug|Any CPU.Build.0 = Debug|Any CPU
		{73BC5480-DCCF-4200-84F4-47F92A15C3AA}.Debug|x64.ActiveCfg = Debug|Any CPU
		{73BC5480-DCCF-4200-84F4-47F92A15C3AA}.Debug|x64.Build.0 = Debug|Any CPU
		{73BC5480-DCCF-4200-84F4-47F92A15C3AA}.Debug|x86.ActiveCfg = Debug|Any CPU
		{73BC5480-DCCF-4200-84F4-47F92A15C3AA}.Debug|x86.Build.0 = Debug|Any CPU
		{73BC5480-DCCF-4200-84F4-47F92A15C3AA}.Release|Any CPU.ActiveCfg = Release|Any CPU
		{73BC5480-DCCF-4200-84F4-47F92A15C3AA}.Release|Any CPU.Build.0 = Release|Any CPU
		{73BC5480-DCCF-4200-84F4-47F92A15C3AA}.Release|x64.ActiveCfg = Release|Any CPU
		{73BC5480-DCCF-4200-84F4-47F92A15C3AA}.Release|x64.Build.0 = Release|Any CPU
		{73BC5480-DCCF-4200-84F4-47F92A15C3AA}.Release|x86.ActiveCfg = Release|Any CPU
		{73BC5480-DCCF-4200-84F4-47F92A15C3AA}.Release|x86.Build.0 = Release|Any CPU
		{96B30FC4-3769-4458-B473-2D4E697C4F0E}.Debug|Any CPU.ActiveCfg = Debug|Any CPU
		{96B30FC4-3769-4458-B473-2D4E697C4F0E}.Debug|Any CPU.Build.0 = Debug|Any CPU
		{96B30FC4-3769-4458-B473-2D4E697C4F0E}.Debug|x64.ActiveCfg = Debug|Any CPU
		{96B30FC4-3769-4458-B473-2D4E697C4F0E}.Debug|x64.Build.0 = Debug|Any CPU
		{96B30FC4-3769-4458-B473-2D4E697C4F0E}.Debug|x86.ActiveCfg = Debug|Any CPU
		{96B30FC4-3769-4458-B473-2D4E697C4F0E}.Debug|x86.Build.0 = Debug|Any CPU
		{96B30FC4-3769-4458-B473-2D4E697C4F0E}.Release|Any CPU.ActiveCfg = Release|Any CPU
		{96B30FC4-3769-4458-B473-2D4E697C4F0E}.Release|Any CPU.Build.0 = Release|Any CPU
		{96B30FC4-3769-4458-B473-2D4E697C4F0E}.Release|x64.ActiveCfg = Release|Any CPU
		{96B30FC4-3769-4458-B473-2D4E697C4F0E}.Release|x64.Build.0 = Release|Any CPU
		{96B30FC4-3769-4458-B473-2D4E697C4F0E}.Release|x86.ActiveCfg = Release|Any CPU
		{96B30FC4-3769-4458-B473-2D4E697C4F0E}.Release|x86.Build.0 = Release|Any CPU
	EndGlobalSection
	GlobalSection(SolutionProperties) = preSolution
		HideSolutionNode = FALSE
	EndGlobalSection
	GlobalSection(NestedProjects) = preSolution
		{4DAFCD2C-C959-4782-9D46-B73BCAB9DC65} = {827E0CD3-B72D-47B6-A68D-7590B98EB39B}
		{2093039E-0136-4356-91E0-21B73BCADB2D} = {827E0CD3-B72D-47B6-A68D-7590B98EB39B}
		{B72CC1A6-BAFB-4F23-BE0D-7AE5C0C58D92} = {827E0CD3-B72D-47B6-A68D-7590B98EB39B}
		{43A62BD1-3A70-4311-A519-CF8A8C5CB452} = {827E0CD3-B72D-47B6-A68D-7590B98EB39B}
		{26B79281-ECA7-40DD-AB84-653687C4B95D} = {827E0CD3-B72D-47B6-A68D-7590B98EB39B}
		{73BC5480-DCCF-4200-84F4-47F92A15C3AA} = {827E0CD3-B72D-47B6-A68D-7590B98EB39B}
		{96B30FC4-3769-4458-B473-2D4E697C4F0E} = {0AB3BF05-4346-4AA6-1389-037BE0695223}
	EndGlobalSection
EndGlobal
